
Microsoft Visual Studio Solution File, Format Version 12.00
# Visual Studio Version 17
VisualStudioVersion = 17.10.35013.160
MinimumVisualStudioVersion = 10.0.40219.1
Project("{9A19103F-16F7-4668-BE54-9A1E7A4F7556}") = "c#demo sec4", "c#demo sec4\c#demo sec4.csproj", "{AA13783D-8894-426C-B00A-3E4F0844ABAA}"
EndProject
Project("{FAE04EC0-301F-11D3-BF4B-00C04F79EFBC}") = "c#-assigment4", "c#-assigment4\c#-assigment4.csproj", "{4F096DDB-07D9-454D-A35A-E2CD329158C2}"
EndProject
Global
	GlobalSection(SolutionConfigurationPlatforms) = preSolution
		Debug|Any CPU = Debug|Any CPU
		Release|Any CPU = Release|Any CPU
	EndGlobalSection
	GlobalSection(ProjectConfigurationPlatforms) = postSolution
		{AA13783D-8894-426C-B00A-3E4F0844ABAA}.Debug|Any CPU.ActiveCfg = Debug|Any CPU
		{AA13783D-8894-426C-B00A-3E4F0844ABAA}.Debug|Any CPU.Build.0 = Debug|Any CPU
		{AA13783D-8894-426C-B00A-3E4F0844ABAA}.Release|Any CPU.ActiveCfg = Release|Any CPU
		{AA13783D-8894-426C-B00A-3E4F0844ABAA}.Release|Any CPU.Build.0 = Release|Any CPU
		{4F096DDB-07D9-454D-A35A-E2CD329158C2}.Debug|Any CPU.ActiveCfg = Debug|Any CPU
		{4F096DDB-07D9-454D-A35A-E2CD329158C2}.Debug|Any CPU.Build.0 = Debug|Any CPU
		{4F096DDB-07D9-454D-A35A-E2CD329158C2}.Release|Any CPU.ActiveCfg = Release|Any CPU
		{4F096DDB-07D9-454D-A35A-E2CD329158C2}.Release|Any CPU.Build.0 = Release|Any CPU
	EndGlobalSection
	GlobalSection(SolutionProperties) = preSolution
		HideSolutionNode = FALSE
	EndGlobalSection
	GlobalSection(ExtensibilityGlobals) = postSolution
		SolutionGuid = {3BBBAF03-35BA-4538-862A-05EBB817CCAA}
	EndGlobalSection
EndGlobal
